// !$*UTF8*$!
{
	archiveVersion = 1;
	classes = {
	};
	objectVersion = 46;
	objects = {

/* Begin PBXBuildFile section */
		402667601C7372E500F341E9 /* AppDelegate.swift in Sources */ = {isa = PBXBuildFile; fileRef = 4026675F1C7372E500F341E9 /* AppDelegate.swift */; };
		402667621C7372E500F341E9 /* ViewController.swift in Sources */ = {isa = PBXBuildFile; fileRef = 402667611C7372E500F341E9 /* ViewController.swift */; };
		402667651C7372E500F341E9 /* Main.storyboard in Resources */ = {isa = PBXBuildFile; fileRef = 402667631C7372E500F341E9 /* Main.storyboard */; };
		402667671C7372E500F341E9 /* Assets.xcassets in Resources */ = {isa = PBXBuildFile; fileRef = 402667661C7372E500F341E9 /* Assets.xcassets */; };
		4026676A1C7372E500F341E9 /* LaunchScreen.storyboard in Resources */ = {isa = PBXBuildFile; fileRef = 402667681C7372E500F341E9 /* LaunchScreen.storyboard */; };
		70304D5A1CBB046A001F7D0B /* WeatherForecastCollectionViewController.swift in Sources */ = {isa = PBXBuildFile; fileRef = 70304D591CBB046A001F7D0B /* WeatherForecastCollectionViewController.swift */; };
		7074A3A31CB8111D00542A9C /* WeatherDelegate.swift in Sources */ = {isa = PBXBuildFile; fileRef = 7074A3A21CB8111D00542A9C /* WeatherDelegate.swift */; };
		7074A3A51CB8492400542A9C /* WeatherForecastCollectionCell.swift in Sources */ = {isa = PBXBuildFile; fileRef = 7074A3A41CB8492400542A9C /* WeatherForecastCollectionCell.swift */; };
/* End PBXBuildFile section */

/* Begin PBXFileReference section */
		4026675C1C7372E500F341E9 /* Swift-Weather.app */ = {isa = PBXFileReference; explicitFileType = wrapper.application; includeInIndex = 0; path = "Swift-Weather.app"; sourceTree = BUILT_PRODUCTS_DIR; };
		4026675F1C7372E500F341E9 /* AppDelegate.swift */ = {isa = PBXFileReference; lastKnownFileType = sourcecode.swift; path = AppDelegate.swift; sourceTree = "<group>"; };
		402667611C7372E500F341E9 /* ViewController.swift */ = {isa = PBXFileReference; lastKnownFileType = sourcecode.swift; path = ViewController.swift; sourceTree = "<group>"; };
		402667641C7372E500F341E9 /* Base */ = {isa = PBXFileReference; lastKnownFileType = file.storyboard; name = Base; path = Base.lproj/Main.storyboard; sourceTree = "<group>"; };
		402667661C7372E500F341E9 /* Assets.xcassets */ = {isa = PBXFileReference; lastKnownFileType = folder.assetcatalog; path = Assets.xcassets; sourceTree = "<group>"; };
		402667691C7372E500F341E9 /* Base */ = {isa = PBXFileReference; lastKnownFileType = file.storyboard; name = Base; path = Base.lproj/LaunchScreen.storyboard; sourceTree = "<group>"; };
		4026676B1C7372E500F341E9 /* Info.plist */ = {isa = PBXFileReference; lastKnownFileType = text.plist.xml; path = Info.plist; sourceTree = "<group>"; };
		40CAA9021C7377B90025A202 /* README.md */ = {isa = PBXFileReference; fileEncoding = 4; lastKnownFileType = net.daringfireball.markdown; path = README.md; sourceTree = "<group>"; };
		70304D591CBB046A001F7D0B /* WeatherForecastCollectionViewController.swift */ = {isa = PBXFileReference; fileEncoding = 4; lastKnownFileType = sourcecode.swift; path = WeatherForecastCollectionViewController.swift; sourceTree = "<group>"; };
		7074A3A21CB8111D00542A9C /* WeatherDelegate.swift */ = {isa = PBXFileReference; fileEncoding = 4; lastKnownFileType = sourcecode.swift; path = WeatherDelegate.swift; sourceTree = "<group>"; };
		7074A3A41CB8492400542A9C /* WeatherForecastCollectionCell.swift */ = {isa = PBXFileReference; fileEncoding = 4; lastKnownFileType = sourcecode.swift; path = WeatherForecastCollectionCell.swift; sourceTree = "<group>"; };
/* End PBXFileReference section */

/* Begin PBXFrameworksBuildPhase section */
		402667591C7372E500F341E9 /* Frameworks */ = {
			isa = PBXFrameworksBuildPhase;
			buildActionMask = 2147483647;
			files = (
			);
			runOnlyForDeploymentPostprocessing = 0;
		};
/* End PBXFrameworksBuildPhase section */

/* Begin PBXGroup section */
		402667531C7372E500F341E9 = {
			isa = PBXGroup;
			children = (
				40CAA9021C7377B90025A202 /* README.md */,
				4026675E1C7372E500F341E9 /* Swift-Weather */,
				4026675D1C7372E500F341E9 /* Products */,
			);
			sourceTree = "<group>";
		};
		4026675D1C7372E500F341E9 /* Products */ = {
			isa = PBXGroup;
			children = (
				4026675C1C7372E500F341E9 /* Swift-Weather.app */,
			);
			name = Products;
			sourceTree = "<group>";
		};
		4026675E1C7372E500F341E9 /* Swift-Weather */ = {
			isa = PBXGroup;
			children = (
				4026675F1C7372E500F341E9 /* AppDelegate.swift */,
				402667611C7372E500F341E9 /* ViewController.swift */,
				70304D591CBB046A001F7D0B /* WeatherForecastCollectionViewController.swift */,
				7074A3A41CB8492400542A9C /* WeatherForecastCollectionCell.swift */,
				7074A3A21CB8111D00542A9C /* WeatherDelegate.swift */,
				402667631C7372E500F341E9 /* Main.storyboard */,
				402667661C7372E500F341E9 /* Assets.xcassets */,
				402667681C7372E500F341E9 /* LaunchScreen.storyboard */,
				4026676B1C7372E500F341E9 /* Info.plist */,
			);
			path = "Swift-Weather";
			sourceTree = "<group>";
		};
/* End PBXGroup section */

/* Begin PBXNativeTarget section */
		4026675B1C7372E500F341E9 /* Swift-Weather */ = {
			isa = PBXNativeTarget;
			buildConfigurationList = 4026676E1C7372E500F341E9 /* Build configuration list for PBXNativeTarget "Swift-Weather" */;
			buildPhases = (
				402667581C7372E500F341E9 /* Sources */,
				402667591C7372E500F341E9 /* Frameworks */,
				4026675A1C7372E500F341E9 /* Resources */,
			);
			buildRules = (
			);
			dependencies = (
			);
			name = "Swift-Weather";
			productName = "Swift-Weather";
			productReference = 4026675C1C7372E500F341E9 /* Swift-Weather.app */;
			productType = "com.apple.product-type.application";
		};
/* End PBXNativeTarget section */

/* Begin PBXProject section */
		402667541C7372E500F341E9 /* Project object */ = {
			isa = PBXProject;
			attributes = {
				LastSwiftUpdateCheck = 0720;
				LastUpgradeCheck = 0720;
				ORGANIZATIONNAME = Northwoods;
				TargetAttributes = {
					4026675B1C7372E500F341E9 = {
						CreatedOnToolsVersion = 7.2.1;
					};
				};
			};
			buildConfigurationList = 402667571C7372E500F341E9 /* Build configuration list for PBXProject "Swift-Weather" */;
			compatibilityVersion = "Xcode 3.2";
			developmentRegion = English;
			hasScannedForEncodings = 0;
			knownRegions = (
				en,
				Base,
			);
			mainGroup = 402667531C7372E500F341E9;
			productRefGroup = 4026675D1C7372E500F341E9 /* Products */;
			projectDirPath = "";
			projectRoot = "";
			targets = (
				4026675B1C7372E500F341E9 /* Swift-Weather */,
			);
		};
/* End PBXProject section */

/* Begin PBXResourcesBuildPhase section */
		4026675A1C7372E500F341E9 /* Resources */ = {
			isa = PBXResourcesBuildPhase;
			buildActionMask = 2147483647;
			files = (
				4026676A1C7372E500F341E9 /* LaunchScreen.storyboard in Resources */,
				402667671C7372E500F341E9 /* Assets.xcassets in Resources */,
				402667651C7372E500F341E9 /* Main.storyboard in Resources */,
			);
			runOnlyForDeploymentPostprocessing = 0;
		};
/* End PBXResourcesBuildPhase section */

/* Begin PBXSourcesBuildPhase section */
		402667581C7372E500F341E9 /* Sources */ = {
			isa = PBXSourcesBuildPhase;
			buildActionMask = 2147483647;
			files = (
				402667621C7372E500F341E9 /* ViewController.swift in Sources */,
				7074A3A51CB8492400542A9C /* WeatherForecastCollectionCell.swift in Sources */,
				402667601C7372E500F341E9 /* AppDelegate.swift in Sources */,
				7074A3A31CB8111D00542A9C /* WeatherDelegate.swift in Sources */,
				70304D5A1CBB046A001F7D0B /* WeatherForecastCollectionViewController.swift in Sources */,
			);
			runOnlyForDeploymentPostprocessing = 0;
		};
/* End PBXSourcesBuildPhase section */

/* Begin PBXVariantGroup section */
		402667631C7372E500F341E9 /* Main.storyboard */ = {
			isa = PBXVariantGroup;
			children = (
				402667641C7372E500F341E9 /* Base */,
			);
			name = Main.storyboard;
			sourceTree = "<group>";
		};
		402667681C7372E500F341E9 /* LaunchScreen.storyboard */ = {
			isa = PBXVariantGroup;
			children = (
				402667691C7372E500F341E9 /* Base */,
			);
			name = LaunchScreen.storyboard;
			sourceTree = "<group>";
		};
/* End PBXVariantGroup section */

/* Begin XCBuildConfiguration section */
		4026676C1C7372E500F341E9 /* Debug */ = {
			isa = XCBuildConfiguration;
			buildSettings = {
				ALWAYS_SEARCH_USER_PATHS = NO;
				CLANG_CXX_LANGUAGE_STANDARD = "gnu++0x";
				CLANG_CXX_LIBRARY = "libc++";
				CLANG_ENABLE_MODULES = YES;
				CLANG_ENABLE_OBJC_ARC = YES;
				CLANG_WARN_BOOL_CONVERSION = YES;
				CLANG_WARN_CONSTANT_CONVERSION = YES;
				CLANG_WARN_DIRECT_OBJC_ISA_USAGE = YES_ERROR;
				CLANG_WARN_EMPTY_BODY = YES;
				CLANG_WARN_ENUM_CONVERSION = YES;
				CLANG_WARN_INT_CONVERSION = YES;
				CLANG_WARN_OBJC_ROOT_CLASS = YES_ERROR;
				CLANG_WARN_UNREACHABLE_CODE = YES;
				CLANG_WARN__DUPLICATE_METHOD_MATCH = YES;
				"CODE_SIGN_IDENTITY[sdk=iphoneos*]" = "iPhone Developer";
				COPY_PHASE_STRIP = NO;
				DEBUG_INFORMATION_FORMAT = dwarf;
				ENABLE_STRICT_OBJC_MSGSEND = YES;
				ENABLE_TESTABILITY = YES;
				GCC_C_LANGUAGE_STANDARD = gnu99;
				GCC_DYNAMIC_NO_PIC = NO;
				GCC_NO_COMMON_BLOCKS = YES;
				GCC_OPTIMIZATION_LEVEL = 0;
				GCC_PREPROCESSOR_DEFINITIONS = (
					"DEBUG=1",
					"$(inherited)",
				);
				GCC_WARN_64_TO_32_BIT_CONVERSION = YES;
				GCC_WARN_ABOUT_RETURN_TYPE = YES_ERROR;
				GCC_WARN_UNDECLARED_SELECTOR = YES;
				GCC_WARN_UNINITIALIZED_AUTOS = YES_AGGRESSIVE;
				GCC_WARN_UNUSED_FUNCTION = YES;
				GCC_WARN_UNUSED_VARIABLE = YES;
				IPHONEOS_DEPLOYMENT_TARGET = 8.0;
				MTL_ENABLE_DEBUG_INFO = YES;
				ONLY_ACTIVE_ARCH = YES;
				SDKROOT = iphoneos;
				SWIFT_OPTIMIZATION_LEVEL = "-Onone";
				TARGETED_DEVICE_FAMILY = "1,2";
			};
			name = Debug;
		};
		4026676D1C7372E500F341E9 /* Release */ = {
			isa = XCBuildConfiguration;
			buildSettings = {
				ALWAYS_SEARCH_USER_PATHS = NO;
				CLANG_CXX_LANGUAGE_STANDARD = "gnu++0x";
				CLANG_CXX_LIBRARY = "libc++";
				CLANG_ENABLE_MODULES = YES;
				CLANG_ENABLE_OBJC_ARC = YES;
				CLANG_WARN_BOOL_CONVERSION = YES;
				CLANG_WARN_CONSTANT_CONVERSION = YES;
				CLANG_WARN_DIRECT_OBJC_ISA_USAGE = YES_ERROR;
				CLANG_WARN_EMPTY_BODY = YES;
				CLANG_WARN_ENUM_CONVERSION = YES;
				CLANG_WARN_INT_CONVERSION = YES;
				CLANG_WARN_OBJC_ROOT_CLASS = YES_ERROR;
				CLANG_WARN_UNREACHABLE_CODE = YES;
				CLANG_WARN__DUPLICATE_METHOD_MATCH = YES;
				"CODE_SIGN_IDENTITY[sdk=iphoneos*]" = "iPhone Developer";
				COPY_PHASE_STRIP = NO;
				DEBUG_INFORMATION_FORMAT = "dwarf-with-dsym";
				ENABLE_NS_ASSERTIONS = NO;
				ENABLE_STRICT_OBJC_MSGSEND = YES;
				GCC_C_LANGUAGE_STANDARD = gnu99;
				GCC_NO_COMMON_BLOCKS = YES;
				GCC_WARN_64_TO_32_BIT_CONVERSION = YES;
				GCC_WARN_ABOUT_RETURN_TYPE = YES_ERROR;
				GCC_WARN_UNDECLARED_SELECTOR = YES;
				GCC_WARN_UNINITIALIZED_AUTOS = YES_AGGRESSIVE;
				GCC_WARN_UNUSED_FUNCTION = YES;
				GCC_WARN_UNUSED_VARIABLE = YES;
				IPHONEOS_DEPLOYMENT_TARGET = 8.0;
				MTL_ENABLE_DEBUG_INFO = NO;
				SDKROOT = iphoneos;
				TARGETED_DEVICE_FAMILY = "1,2";
				VALIDATE_PRODUCT = YES;
			};
			name = Release;
		};
		4026676F1C7372E500F341E9 /* Debug */ = {
			isa = XCBuildConfiguration;
			buildSettings = {
				ASSETCATALOG_COMPILER_APPICON_NAME = AppIcon1;
				INFOPLIST_FILE = "Swift-Weather/Info.plist";
				LD_RUNPATH_SEARCH_PATHS = "$(inherited) @executable_path/Frameworks";
				PRODUCT_BUNDLE_IDENTIFIER = "com.teamnorthwoods.Swift-Weather";
				PRODUCT_NAME = "$(TARGET_NAME)";
			};
			name = Debug;
		};
		402667701C7372E500F341E9 /* Release */ = {
			isa = XCBuildConfiguration;
			buildSettings = {
				ASSETCATALOG_COMPILER_APPICON_NAME = AppIcon1;
				INFOPLIST_FILE = "Swift-Weather/Info.plist";
				LD_RUNPATH_SEARCH_PATHS = "$(inherited) @executable_path/Frameworks";
				PRODUCT_BUNDLE_IDENTIFIER = "com.teamnorthwoods.Swift-Weather";
				PRODUCT_NAME = "$(TARGET_NAME)";
			};
			name = Release;
		};
/* End XCBuildConfiguration section */

/* Begin XCConfigurationList section */
		402667571C7372E500F341E9 /* Build configuration list for PBXProject "Swift-Weather" */ = {
			isa = XCConfigurationList;
			buildConfigurations = (
				4026676C1C7372E500F341E9 /* Debug */,
				4026676D1C7372E500F341E9 /* Release */,
			);
			defaultConfigurationIsVisible = 0;
			defaultConfigurationName = Release;
		};
		4026676E1C7372E500F341E9 /* Build configuration list for PBXNativeTarget "Swift-Weather" */ = {
			isa = XCConfigurationList;
			buildConfigurations = (
				4026676F1C7372E500F341E9 /* Debug */,
				402667701C7372E500F341E9 /* Release */,
			);
			defaultConfigurationIsVisible = 0;
			defaultConfigurationName = Release;
		};
/* End XCConfigurationList section */
	};
	rootObject = 402667541C7372E500F341E9 /* Project object */;
}
